
Microsoft Visual Studio Solution File, Format Version 12.00
# Visual Studio Version 17
VisualStudioVersion = 17.7.34221.43
MinimumVisualStudioVersion = 10.0.40219.1
Project("{FAE04EC0-301F-11D3-BF4B-00C04F79EFBC}") = "ScholoLibrary", "ScholoLibrary\ScholoLibrary.csproj", "{7ACC1704-D8E1-4D4F-9158-169714FD62B4}"
EndProject
Project("{FAE04EC0-301F-11D3-BF4B-00C04F79EFBC}") = "SchoolTestProject", "SchoolTestProject\SchoolTestProject.csproj", "{2A97F618-FE15-4082-B3D4-37F1BB163429}"
EndProject
Global
	GlobalSection(SolutionConfigurationPlatforms) = preSolution
		Debug|Any CPU = Debug|Any CPU
		Release|Any CPU = Release|Any CPU
	EndGlobalSection
	GlobalSection(ProjectConfigurationPlatforms) = postSolution
		{7ACC1704-D8E1-4D4F-9158-169714FD62B4}.Debug|Any CPU.ActiveCfg = Debug|Any CPU
		{7ACC1704-D8E1-4D4F-9158-169714FD62B4}.Debug|Any CPU.Build.0 = Debug|Any CPU
		{7ACC1704-D8E1-4D4F-9158-169714FD62B4}.Release|Any CPU.ActiveCfg = Release|Any CPU
		{7ACC1704-D8E1-4D4F-9158-169714FD62B4}.Release|Any CPU.Build.0 = Release|Any CPU
		{2A97F618-FE15-4082-B3D4-37F1BB163429}.Debug|Any CPU.ActiveCfg = Debug|Any CPU
		{2A97F618-FE15-4082-B3D4-37F1BB163429}.Debug|Any CPU.Build.0 = Debug|Any CPU
		{2A97F618-FE15-4082-B3D4-37F1BB163429}.Release|Any CPU.ActiveCfg = Release|Any CPU
		{2A97F618-FE15-4082-B3D4-37F1BB163429}.Release|Any CPU.Build.0 = Release|Any CPU
	EndGlobalSection
	GlobalSection(SolutionProperties) = preSolution
		HideSolutionNode = FALSE
	EndGlobalSection
	GlobalSection(ExtensibilityGlobals) = postSolution
		SolutionGuid = {9C716CC3-D16B-446D-8992-2D6912B91B19}
	EndGlobalSection
EndGlobal
